Microsoft Visual Studio Solution File, Format Version 11.00
# Visual Studio 2008

Project("{AD6ED911-ED60-4B92-7AE2-D11A8325C00A}") = "Batalha Naval", "Assembly-CSharp.csproj", "{5CFA04E4-1A6A-4D90-5294-D0350475EC2B}"
EndProject
Global
	GlobalSection(SolutionConfigurationPlatforms) = preSolution
		Debug|Any CPU = Debug|Any CPU
		Release|Any CPU = Release|Any CPU
	EndGlobalSection
	GlobalSection(ProjectConfigurationPlatforms) = postSolution
		{5CFA04E4-1A6A-4D90-5294-D0350475EC2B}.Debug|Any CPU.ActiveCfg = Debug|Any CPU
		{5CFA04E4-1A6A-4D90-5294-D0350475EC2B}.Debug|Any CPU.Build.0 = Debug|Any CPU
		{5CFA04E4-1A6A-4D90-5294-D0350475EC2B}.Release|Any CPU.ActiveCfg = Release|Any CPU
		{5CFA04E4-1A6A-4D90-5294-D0350475EC2B}.Release|Any CPU.Build.0 = Release|Any CPU
	EndGlobalSection
	GlobalSection(SolutionProperties) = preSolution
		HideSolutionNode = FALSE
	EndGlobalSection
																					GlobalSection(MonoDevelopProperties) = preSolution
		StartupItem = Assembly-CSharp.csproj
		Policies = $0
		$0.TextStylePolicy = $1
		$1.inheritsSet = null
		$1.scope = text/x-csharp
		$0.CSharpFormattingPolicy = $2
		$2.inheritsSet = Mono
		$2.inheritsScope = text/x-csharp
		$2.scope = text/x-csharp
		$0.TextStylePolicy = $3
		$3.FileWidth = 120
		$3.TabWidth = 4
		$3.IndentWidth = 4
		$3.EolMarker = Unix
		$3.inheritsSet = Mono
		$3.inheritsScope = text/plain
		$3.scope = text/plain
	EndGlobalSection

EndGlobal
