Microsoft Visual Studio Solution File, Format Version 11.00
# Visual Studio 2008

Project("{B9A4BA25-1AAE-1EB7-F0FB-5DAECAFD201E}") = "trabalhomlp", "Assembly-CSharp-firstpass-vs.csproj", "{FE07215B-5BBA-806A-6E2B-2735A0CE4AA9}"
EndProject
Project("{B9A4BA25-1AAE-1EB7-F0FB-5DAECAFD201E}") = "trabalhomlp", "Assembly-CSharp-vs.csproj", "{287E4160-2FD6-880B-D903-A3C2518EFBA0}"
EndProject
Global
	GlobalSection(SolutionConfigurationPlatforms) = preSolution
		Debug|Any CPU = Debug|Any CPU
		Release|Any CPU = Release|Any CPU
	EndGlobalSection
	GlobalSection(ProjectConfigurationPlatforms) = postSolution
		{FE07215B-5BBA-806A-6E2B-2735A0CE4AA9}.Debug|Any CPU.ActiveCfg = Debug|Any CPU
		{FE07215B-5BBA-806A-6E2B-2735A0CE4AA9}.Debug|Any CPU.Build.0 = Debug|Any CPU
		{FE07215B-5BBA-806A-6E2B-2735A0CE4AA9}.Release|Any CPU.ActiveCfg = Release|Any CPU
		{FE07215B-5BBA-806A-6E2B-2735A0CE4AA9}.Release|Any CPU.Build.0 = Release|Any CPU
		{287E4160-2FD6-880B-D903-A3C2518EFBA0}.Debug|Any CPU.ActiveCfg = Debug|Any CPU
		{287E4160-2FD6-880B-D903-A3C2518EFBA0}.Debug|Any CPU.Build.0 = Debug|Any CPU
		{287E4160-2FD6-880B-D903-A3C2518EFBA0}.Release|Any CPU.ActiveCfg = Release|Any CPU
		{287E4160-2FD6-880B-D903-A3C2518EFBA0}.Release|Any CPU.Build.0 = Release|Any CPU
	EndGlobalSection
	GlobalSection(SolutionProperties) = preSolution
		HideSolutionNode = FALSE
	EndGlobalSection
																																																GlobalSection(MonoDevelopProperties) = preSolution
		StartupItem = Assembly-CSharp.csproj
		Policies = $0
		$0.TextStylePolicy = $1
		$1.inheritsSet = null
		$1.scope = text/x-csharp
		$0.CSharpFormattingPolicy = $2
		$2.inheritsSet = Mono
		$2.inheritsScope = text/x-csharp
		$2.scope = text/x-csharp
		$0.TextStylePolicy = $3
		$3.FileWidth = 120
		$3.TabWidth = 4
		$3.IndentWidth = 4
		$3.EolMarker = Unix
		$3.inheritsSet = Mono
		$3.inheritsScope = text/plain
		$3.scope = text/plain
	EndGlobalSection

EndGlobal
